Microsoft Visual Studio Solution File, Format Version 12.00
# Visual Studio Version 17
VisualStudioVersion = 17.4.33110.190
MinimumVisualStudioVersion = 10.0.40219.1
Project("{FAE04EC0-301F-11D3-BF4B-00C04F79EFBC}") = "IQKeyboardManager.Xamarin", "IQKeyboardManager.Xamarin\IQKeyboardManager.Xamarin.csproj", "{19A155D8-EC5D-4A04-9CA6-F355F8F1A291}"
EndProject
Project("{FAE04EC0-301F-11D3-BF4B-00C04F79EFBC}") = "SampleApp", "SampleApp\SampleApp.csproj", "{83680134-3810-4BEC-B287-473C2CA4B1BA}"
EndProject
Global
	GlobalSection(SolutionConfigurationPlatforms) = preSolution
		Debug|Any CPU = Debug|Any CPU
		Debug|iPhone = Debug|iPhone
		Debug|iPhoneSimulator = Debug|iPhoneSimulator
		Release|Any CPU = Release|Any CPU
		Release|iPhone = Release|iPhone
		Release|iPhoneSimulator = Release|iPhoneSimulator
	EndGlobalSection
	GlobalSection(ProjectConfigurationPlatforms) = postSolution
		{19A155D8-EC5D-4A04-9CA6-F355F8F1A291}.Debug|Any CPU.ActiveCfg = Debug|Any CPU
		{19A155D8-EC5D-4A04-9CA6-F355F8F1A291}.Debug|Any CPU.Build.0 = Debug|Any CPU
		{19A155D8-EC5D-4A04-9CA6-F355F8F1A291}.Debug|iPhone.ActiveCfg = Debug|Any CPU
		{19A155D8-EC5D-4A04-9CA6-F355F8F1A291}.Debug|iPhone.Build.0 = Debug|Any CPU
		{19A155D8-EC5D-4A04-9CA6-F355F8F1A291}.Debug|iPhoneSimulator.ActiveCfg = Debug|Any CPU
		{19A155D8-EC5D-4A04-9CA6-F355F8F1A291}.Debug|iPhoneSimulator.Build.0 = Debug|Any CPU
		{19A155D8-EC5D-4A04-9CA6-F355F8F1A291}.Release|Any CPU.ActiveCfg = Release|Any CPU
		{19A155D8-EC5D-4A04-9CA6-F355F8F1A291}.Release|Any CPU.Build.0 = Release|Any CPU
		{19A155D8-EC5D-4A04-9CA6-F355F8F1A291}.Release|iPhone.ActiveCfg = Release|Any CPU
		{19A155D8-EC5D-4A04-9CA6-F355F8F1A291}.Release|iPhone.Build.0 = Release|Any CPU
		{19A155D8-EC5D-4A04-9CA6-F355F8F1A291}.Release|iPhoneSimulator.ActiveCfg = Release|Any CPU
		{19A155D8-EC5D-4A04-9CA6-F355F8F1A291}.Release|iPhoneSimulator.Build.0 = Release|Any CPU
		{83680134-3810-4BEC-B287-473C2CA4B1BA}.Debug|Any CPU.ActiveCfg = Debug|Any CPU
		{83680134-3810-4BEC-B287-473C2CA4B1BA}.Debug|Any CPU.Build.0 = Debug|Any CPU
		{83680134-3810-4BEC-B287-473C2CA4B1BA}.Debug|iPhone.ActiveCfg = Debug|Any CPU
		{83680134-3810-4BEC-B287-473C2CA4B1BA}.Debug|iPhone.Build.0 = Debug|Any CPU
		{83680134-3810-4BEC-B287-473C2CA4B1BA}.Debug|iPhoneSimulator.ActiveCfg = Debug|Any CPU
		{83680134-3810-4BEC-B287-473C2CA4B1BA}.Debug|iPhoneSimulator.Build.0 = Debug|Any CPU
		{83680134-3810-4BEC-B287-473C2CA4B1BA}.Release|Any CPU.ActiveCfg = Release|Any CPU
		{83680134-3810-4BEC-B287-473C2CA4B1BA}.Release|Any CPU.Build.0 = Release|Any CPU
		{83680134-3810-4BEC-B287-473C2CA4B1BA}.Release|iPhone.ActiveCfg = Release|Any CPU
		{83680134-3810-4BEC-B287-473C2CA4B1BA}.Release|iPhone.Build.0 = Release|Any CPU
		{83680134-3810-4BEC-B287-473C2CA4B1BA}.Release|iPhoneSimulator.ActiveCfg = Release|Any CPU
		{83680134-3810-4BEC-B287-473C2CA4B1BA}.Release|iPhoneSimulator.Build.0 = Release|Any CPU
	EndGlobalSection
	GlobalSection(SolutionProperties) = preSolution
		HideSolutionNode = FALSE
	EndGlobalSection
	GlobalSection(ExtensibilityGlobals) = postSolution
		SolutionGuid = {1476380F-B43B-44D2-BADB-1860AFB386F1}
	EndGlobalSection
EndGlobal
